
Microsoft Visual Studio Solution File, Format Version 12.00
# Visual Studio Version 17
VisualStudioVersion = 17.8.34525.116
MinimumVisualStudioVersion = 10.0.40219.1
Project("{FAE04EC0-301F-11D3-BF4B-00C04F79EFBC}") = "Bai9", "Bai9.csproj", "{073FDD6C-A400-4376-94F5-EF6FD3F6F351}"
EndProject
Global
	GlobalSection(SolutionConfigurationPlatforms) = preSolution
		Debug|Any CPU = Debug|Any CPU
		Release|Any CPU = Release|Any CPU
	EndGlobalSection
	GlobalSection(ProjectConfigurationPlatforms) = postSolution
		{073FDD6C-A400-4376-94F5-EF6FD3F6F351}.Debug|Any CPU.ActiveCfg = Debug|Any CPU
		{073FDD6C-A400-4376-94F5-EF6FD3F6F351}.Debug|Any CPU.Build.0 = Debug|Any CPU
		{073FDD6C-A400-4376-94F5-EF6FD3F6F351}.Release|Any CPU.ActiveCfg = Release|Any CPU
		{073FDD6C-A400-4376-94F5-EF6FD3F6F351}.Release|Any CPU.Build.0 = Release|Any CPU
	EndGlobalSection
	GlobalSection(SolutionProperties) = preSolution
		HideSolutionNode = FALSE
	EndGlobalSection
	GlobalSection(ExtensibilityGlobals) = postSolution
		SolutionGuid = {41CA405F-3B8A-44D4-AEFE-6A2EF6BAA496}
	EndGlobalSection
EndGlobal
